
Microsoft Visual Studio Solution File, Format Version 12.00
# Visual Studio Version 16
VisualStudioVersion = 16.0.30114.105
MinimumVisualStudioVersion = 10.0.40219.1
Project("{FAE04EC0-301F-11D3-BF4B-00C04F79EFBC}") = "BuberDinner.Api", "BuberDinner.Api\BuberDinner.Api.csproj", "{5B7F6360-A2D9-495B-A5D5-E95404D6F2C2}"
EndProject
Project("{FAE04EC0-301F-11D3-BF4B-00C04F79EFBC}") = "BuberDinner.Application", "BuberDinner.Application\BuberDinner.Application.csproj", "{9B3FE540-B4D8-41FF-A0D6-4CF8EB1E5203}"
EndProject
Project("{FAE04EC0-301F-11D3-BF4B-00C04F79EFBC}") = "BuberDinner.Contracts", "BuberDinner.Contracts\BuberDinner.Contracts.csproj", "{DFC1307D-7E68-4CDA-9E14-52136BDEB625}"
EndProject
Project("{FAE04EC0-301F-11D3-BF4B-00C04F79EFBC}") = "BuberDinner.Domain", "BuberDinner.Domain\BuberDinner.Domain.csproj", "{5C67F594-588F-4D89-9D55-359D2F47DF4F}"
EndProject
Project("{FAE04EC0-301F-11D3-BF4B-00C04F79EFBC}") = "BuberDinner.Infrastructure", "BuberDinner.Infrastructure\BuberDinner.Infrastructure.csproj", "{08B4F609-2F83-41A9-9B40-A176F42C6C35}"
EndProject
Global
	GlobalSection(SolutionConfigurationPlatforms) = preSolution
		Debug|Any CPU = Debug|Any CPU
		Release|Any CPU = Release|Any CPU
	EndGlobalSection
	GlobalSection(SolutionProperties) = preSolution
		HideSolutionNode = FALSE
	EndGlobalSection
	GlobalSection(ProjectConfigurationPlatforms) = postSolution
		{5B7F6360-A2D9-495B-A5D5-E95404D6F2C2}.Debug|Any CPU.ActiveCfg = Debug|Any CPU
		{5B7F6360-A2D9-495B-A5D5-E95404D6F2C2}.Debug|Any CPU.Build.0 = Debug|Any CPU
		{5B7F6360-A2D9-495B-A5D5-E95404D6F2C2}.Release|Any CPU.ActiveCfg = Release|Any CPU
		{5B7F6360-A2D9-495B-A5D5-E95404D6F2C2}.Release|Any CPU.Build.0 = Release|Any CPU
		{9B3FE540-B4D8-41FF-A0D6-4CF8EB1E5203}.Debug|Any CPU.ActiveCfg = Debug|Any CPU
		{9B3FE540-B4D8-41FF-A0D6-4CF8EB1E5203}.Debug|Any CPU.Build.0 = Debug|Any CPU
		{9B3FE540-B4D8-41FF-A0D6-4CF8EB1E5203}.Release|Any CPU.ActiveCfg = Release|Any CPU
		{9B3FE540-B4D8-41FF-A0D6-4CF8EB1E5203}.Release|Any CPU.Build.0 = Release|Any CPU
		{DFC1307D-7E68-4CDA-9E14-52136BDEB625}.Debug|Any CPU.ActiveCfg = Debug|Any CPU
		{DFC1307D-7E68-4CDA-9E14-52136BDEB625}.Debug|Any CPU.Build.0 = Debug|Any CPU
		{DFC1307D-7E68-4CDA-9E14-52136BDEB625}.Release|Any CPU.ActiveCfg = Release|Any CPU
		{DFC1307D-7E68-4CDA-9E14-52136BDEB625}.Release|Any CPU.Build.0 = Release|Any CPU
		{5C67F594-588F-4D89-9D55-359D2F47DF4F}.Debug|Any CPU.ActiveCfg = Debug|Any CPU
		{5C67F594-588F-4D89-9D55-359D2F47DF4F}.Debug|Any CPU.Build.0 = Debug|Any CPU
		{5C67F594-588F-4D89-9D55-359D2F47DF4F}.Release|Any CPU.ActiveCfg = Release|Any CPU
		{5C67F594-588F-4D89-9D55-359D2F47DF4F}.Release|Any CPU.Build.0 = Release|Any CPU
		{08B4F609-2F83-41A9-9B40-A176F42C6C35}.Debug|Any CPU.ActiveCfg = Debug|Any CPU
		{08B4F609-2F83-41A9-9B40-A176F42C6C35}.Debug|Any CPU.Build.0 = Debug|Any CPU
		{08B4F609-2F83-41A9-9B40-A176F42C6C35}.Release|Any CPU.ActiveCfg = Release|Any CPU
		{08B4F609-2F83-41A9-9B40-A176F42C6C35}.Release|Any CPU.Build.0 = Release|Any CPU
		{50AA25AC-50B2-4FA4-8022-818B89C06AD9}.Debug|Any CPU.ActiveCfg = Debug|Any CPU
		{50AA25AC-50B2-4FA4-8022-818B89C06AD9}.Debug|Any CPU.Build.0 = Debug|Any CPU
		{50AA25AC-50B2-4FA4-8022-818B89C06AD9}.Release|Any CPU.ActiveCfg = Release|Any CPU
		{50AA25AC-50B2-4FA4-8022-818B89C06AD9}.Release|Any CPU.Build.0 = Release|Any CPU
	EndGlobalSection
EndGlobal
